lockfileVersion: 5.4

specifiers:
  '@types/ffi': ^0.2.4

devDependencies:
  '@types/ffi': 0.2.4

packages:

  /@types/ffi/0.2.4:
    resolution: {integrity: sha512-QJLyE4fMjg77M8oLyGE3QD6KWd1JbjYVIm0K/ejsOI7ZXSiQ2cTuWOBiypXR1zbKdQytO/zsGC+aWk1Xng6KyQ==}
    dependencies:
      '@types/node': 18.15.11
      '@types/ref': 0.0.29
      '@types/ref-struct': 0.0.29
    dev: true

  /@types/node/18.15.11:
    resolution: {integrity: sha512-E5Kwq2n4SbMzQOn6wnmBjuK9ouqlURrcZDVfbo9ftDDTFt3nk7ZKK4GMOzoYgnpQJKcxwQw+lGaBvvlMo0qN/Q==}
    dev: true

  /@types/ref-struct/0.0.29:
    resolution: {integrity: sha512-ZOiybExNDG++Rjw7qNAlP8Z9TGe4W1S7UvqHbCYzFMc2cVBhTuA29tzAkOrk3bqY0CdzbOvmU7A5X2VOjTpCkw==}
    dependencies:
      '@types/ref': 0.0.29
    dev: true

  /@types/ref/0.0.29:
    resolution: {integrity: sha512-NAk1MKcjGAFEbf7ObSFOOm+HKZIr0145t5lrp84H1GBYDpsBDH9r6tTnS9sjTRJBRy8/BUvGiB/4+0Z/Nh4Hvw==}
    dependencies:
      '@types/node': 18.15.11
    dev: true
